
Microsoft Visual Studio Solution File, Format Version 12.00
# Visual Studio 14
VisualStudioVersion = 14.0.25420.1
MinimumVisualStudioVersion = 10.0.40219.1
Project("{FAE04EC0-301F-11D3-BF4B-00C04F79EFBC}") = "01. Centuries to Minutes", "01. Centuries to Minutes\01. Centuries to Minutes.csproj", "{2D094252-0C8E-47C0-85D5-6E31121BA905}"
EndProject
Project("{FAE04EC0-301F-11D3-BF4B-00C04F79EFBC}") = "02. Circle Area (Precision 12)", "02. Circle Area (Precision 12)\02. Circle Area (Precision 12).csproj", "{931993B2-3259-4D45-8261-14812764EFF9}"
EndProject
Project("{FAE04EC0-301F-11D3-BF4B-00C04F79EFBC}") = "03. Exact Sum of Real Numbers", "03. Exact Sum of Real Numbers\03. Exact Sum of Real Numbers.csproj", "{82B5256C-3399-44C3-8E58-B894FFE38CAD}"
EndProject
Project("{FAE04EC0-301F-11D3-BF4B-00C04F79EFBC}") = "04. Elevator", "04. Elevator\04. Elevator.csproj", "{2B85D640-802A-41D5-8F40-F5E107B23F77}"
EndProject
Project("{FAE04EC0-301F-11D3-BF4B-00C04F79EFBC}") = "05. Special Numbers", "05. Special Numbers\05. Special Numbers.csproj", "{C72868E9-2080-447B-A6B3-101C4906BE24}"
EndProject
Project("{FAE04EC0-301F-11D3-BF4B-00C04F79EFBC}") = "06. Triples of Letters", "06. Triples of Letters\06. Triples of Letters.csproj", "{16B7F564-CC53-49F4-B0A9-55E05DB3FAE0}"
EndProject
Project("{FAE04EC0-301F-11D3-BF4B-00C04F79EFBC}") = "7. Greeting", "7. Greeting\7. Greeting.csproj", "{040EBC7E-1722-4257-B26F-543E594BF3C0}"
EndProject
Project("{FAE04EC0-301F-11D3-BF4B-00C04F79EFBC}") = "08. Refactor Volume of Pyramid", "08. Refactor Volume of Pyramid\08. Refactor Volume of Pyramid.csproj", "{875CBFE9-F5B2-4A8D-9F03-DB5FABF15E10}"
EndProject
Global
	GlobalSection(SolutionConfigurationPlatforms) = preSolution
		Debug|Any CPU = Debug|Any CPU
		Release|Any CPU = Release|Any CPU
	EndGlobalSection
	GlobalSection(ProjectConfigurationPlatforms) = postSolution
		{2D094252-0C8E-47C0-85D5-6E31121BA905}.Debug|Any CPU.ActiveCfg = Debug|Any CPU
		{2D094252-0C8E-47C0-85D5-6E31121BA905}.Debug|Any CPU.Build.0 = Debug|Any CPU
		{2D094252-0C8E-47C0-85D5-6E31121BA905}.Release|Any CPU.ActiveCfg = Release|Any CPU
		{2D094252-0C8E-47C0-85D5-6E31121BA905}.Release|Any CPU.Build.0 = Release|Any CPU
		{931993B2-3259-4D45-8261-14812764EFF9}.Debug|Any CPU.ActiveCfg = Debug|Any CPU
		{931993B2-3259-4D45-8261-14812764EFF9}.Debug|Any CPU.Build.0 = Debug|Any CPU
		{931993B2-3259-4D45-8261-14812764EFF9}.Release|Any CPU.ActiveCfg = Release|Any CPU
		{931993B2-3259-4D45-8261-14812764EFF9}.Release|Any CPU.Build.0 = Release|Any CPU
		{82B5256C-3399-44C3-8E58-B894FFE38CAD}.Debug|Any CPU.ActiveCfg = Debug|Any CPU
		{82B5256C-3399-44C3-8E58-B894FFE38CAD}.Debug|Any CPU.Build.0 = Debug|Any CPU
		{82B5256C-3399-44C3-8E58-B894FFE38CAD}.Release|Any CPU.ActiveCfg = Release|Any CPU
		{82B5256C-3399-44C3-8E58-B894FFE38CAD}.Release|Any CPU.Build.0 = Release|Any CPU
		{2B85D640-802A-41D5-8F40-F5E107B23F77}.Debug|Any CPU.ActiveCfg = Debug|Any CPU
		{2B85D640-802A-41D5-8F40-F5E107B23F77}.Debug|Any CPU.Build.0 = Debug|Any CPU
		{2B85D640-802A-41D5-8F40-F5E107B23F77}.Release|Any CPU.ActiveCfg = Release|Any CPU
		{2B85D640-802A-41D5-8F40-F5E107B23F77}.Release|Any CPU.Build.0 = Release|Any CPU
		{C72868E9-2080-447B-A6B3-101C4906BE24}.Debug|Any CPU.ActiveCfg = Debug|Any CPU
		{C72868E9-2080-447B-A6B3-101C4906BE24}.Debug|Any CPU.Build.0 = Debug|Any CPU
		{C72868E9-2080-447B-A6B3-101C4906BE24}.Release|Any CPU.ActiveCfg = Release|Any CPU
		{C72868E9-2080-447B-A6B3-101C4906BE24}.Release|Any CPU.Build.0 = Release|Any CPU
		{16B7F564-CC53-49F4-B0A9-55E05DB3FAE0}.Debug|Any CPU.ActiveCfg = Debug|Any CPU
		{16B7F564-CC53-49F4-B0A9-55E05DB3FAE0}.Debug|Any CPU.Build.0 = Debug|Any CPU
		{16B7F564-CC53-49F4-B0A9-55E05DB3FAE0}.Release|Any CPU.ActiveCfg = Release|Any CPU
		{16B7F564-CC53-49F4-B0A9-55E05DB3FAE0}.Release|Any CPU.Build.0 = Release|Any CPU
		{040EBC7E-1722-4257-B26F-543E594BF3C0}.Debug|Any CPU.ActiveCfg = Debug|Any CPU
		{040EBC7E-1722-4257-B26F-543E594BF3C0}.Debug|Any CPU.Build.0 = Debug|Any CPU
		{040EBC7E-1722-4257-B26F-543E594BF3C0}.Release|Any CPU.ActiveCfg = Release|Any CPU
		{040EBC7E-1722-4257-B26F-543E594BF3C0}.Release|Any CPU.Build.0 = Release|Any CPU
		{875CBFE9-F5B2-4A8D-9F03-DB5FABF15E10}.Debug|Any CPU.ActiveCfg = Debug|Any CPU
		{875CBFE9-F5B2-4A8D-9F03-DB5FABF15E10}.Debug|Any CPU.Build.0 = Debug|Any CPU
		{875CBFE9-F5B2-4A8D-9F03-DB5FABF15E10}.Release|Any CPU.ActiveCfg = Release|Any CPU
		{875CBFE9-F5B2-4A8D-9F03-DB5FABF15E10}.Release|Any CPU.Build.0 = Release|Any CPU
	EndGlobalSection
	GlobalSection(SolutionProperties) = preSolution
		HideSolutionNode = FALSE
	EndGlobalSection
EndGlobal
